
Microsoft Visual Studio Solution File, Format Version 12.00
# Visual Studio Version 17
VisualStudioVersion = 17.10.35027.167
MinimumVisualStudioVersion = 10.0.40219.1
Project("{2150E333-8FDC-42A3-9474-1A3956D46DE8}") = "Website", "Website", "{D0EB3593-B7CD-40F1-8387-75651B47DAB9}"
	ProjectSection(SolutionItems) = preProject
		contact.html = contact.html
		index.html = index.html
		interests.html = interests.html
		projects.html = projects.html
		researches.html = researches.html
	EndProjectSection
EndProject
Project("{2150E333-8FDC-42A3-9474-1A3956D46DE8}") = "css", "css", "{573E1BC0-33E9-49EF-A5E8-B6BDCDA22E22}"
	ProjectSection(SolutionItems) = preProject
		css\styles.css = css\styles.css
	EndProjectSection
EndProject
Project("{2150E333-8FDC-42A3-9474-1A3956D46DE8}") = "js", "js", "{5989670D-06AD-4DB6-BE7F-65C738E9BDFD}"
	ProjectSection(SolutionItems) = preProject
		js\script.js = js\script.js
	EndProjectSection
EndProject
Project("{2150E333-8FDC-42A3-9474-1A3956D46DE8}") = "images", "images", "{1B7F07C2-40E2-4F9E-AA4B-4E9FA37AEFDC}"
	ProjectSection(SolutionItems) = preProject
		images\ai-chatbot.jpg = images\ai-chatbot.jpg
		images\feri.jpg = images\feri.jpg
		images\image-processing.jpg = images\image-processing.jpg
		images\ml-project.jpg = images\ml-project.jpg
	EndProjectSection
EndProject
Global
	GlobalSection(SolutionProperties) = preSolution
		HideSolutionNode = FALSE
	EndGlobalSection
	GlobalSection(NestedProjects) = preSolution
		{573E1BC0-33E9-49EF-A5E8-B6BDCDA22E22} = {D0EB3593-B7CD-40F1-8387-75651B47DAB9}
		{5989670D-06AD-4DB6-BE7F-65C738E9BDFD} = {D0EB3593-B7CD-40F1-8387-75651B47DAB9}
		{1B7F07C2-40E2-4F9E-AA4B-4E9FA37AEFDC} = {D0EB3593-B7CD-40F1-8387-75651B47DAB9}
	EndGlobalSection
	GlobalSection(ExtensibilityGlobals) = postSolution
		SolutionGuid = {D0C5B84D-9B6F-489B-B0F3-D01BACAC3292}
	EndGlobalSection
EndGlobal
